
Microsoft Visual Studio Solution File, Format Version 12.00
# Visual Studio Version 17
VisualStudioVersion = 17.11.35327.3
MinimumVisualStudioVersion = 10.0.40219.1
Project("{8BC9CEB8-8B4A-11D0-8D11-00A0C91BC942}") = "lab5_r", "lab5_r\lab5_r.vcxproj", "{415D9239-5A86-40D4-8CA2-4664934B9837}"
EndProject
Project("{8BC9CEB8-8B4A-11D0-8D11-00A0C91BC942}") = "UnitTest1", "UnitTest1\UnitTest1.vcxproj", "{DE42FAEB-7E17-431E-BD62-C55DE365A182}"
EndProject
Global
	GlobalSection(SolutionConfigurationPlatforms) = preSolution
		Debug|x64 = Debug|x64
		Debug|x86 = Debug|x86
		Release|x64 = Release|x64
		Release|x86 = Release|x86
	EndGlobalSection
	GlobalSection(ProjectConfigurationPlatforms) = postSolution
		{415D9239-5A86-40D4-8CA2-4664934B9837}.Debug|x64.ActiveCfg = Debug|x64
		{415D9239-5A86-40D4-8CA2-4664934B9837}.Debug|x64.Build.0 = Debug|x64
		{415D9239-5A86-40D4-8CA2-4664934B9837}.Debug|x86.ActiveCfg = Debug|Win32
		{415D9239-5A86-40D4-8CA2-4664934B9837}.Debug|x86.Build.0 = Debug|Win32
		{415D9239-5A86-40D4-8CA2-4664934B9837}.Release|x64.ActiveCfg = Release|x64
		{415D9239-5A86-40D4-8CA2-4664934B9837}.Release|x64.Build.0 = Release|x64
		{415D9239-5A86-40D4-8CA2-4664934B9837}.Release|x86.ActiveCfg = Release|Win32
		{415D9239-5A86-40D4-8CA2-4664934B9837}.Release|x86.Build.0 = Release|Win32
		{DE42FAEB-7E17-431E-BD62-C55DE365A182}.Debug|x64.ActiveCfg = Debug|x64
		{DE42FAEB-7E17-431E-BD62-C55DE365A182}.Debug|x64.Build.0 = Debug|x64
		{DE42FAEB-7E17-431E-BD62-C55DE365A182}.Debug|x86.ActiveCfg = Debug|Win32
		{DE42FAEB-7E17-431E-BD62-C55DE365A182}.Debug|x86.Build.0 = Debug|Win32
		{DE42FAEB-7E17-431E-BD62-C55DE365A182}.Release|x64.ActiveCfg = Release|x64
		{DE42FAEB-7E17-431E-BD62-C55DE365A182}.Release|x64.Build.0 = Release|x64
		{DE42FAEB-7E17-431E-BD62-C55DE365A182}.Release|x86.ActiveCfg = Release|Win32
		{DE42FAEB-7E17-431E-BD62-C55DE365A182}.Release|x86.Build.0 = Release|Win32
	EndGlobalSection
	GlobalSection(SolutionProperties) = preSolution
		HideSolutionNode = FALSE
	EndGlobalSection
	GlobalSection(ExtensibilityGlobals) = postSolution
		SolutionGuid = {0581D8CC-B352-40F1-A875-D535A4D4D78D}
	EndGlobalSection
EndGlobal
